{
    "_meta": {
        "hash": {
            "sha256": "26222d1ff9fba9ae7963bb429991dcf44022c985ba15c5839d94d6a3023f7452"
        },
        "pipfile-spec": 6,
        "requires": {
            "python_version": "3.9"
        },
        "sources": [
            {
                "name": "pypi",
                "url": "https://pypi.org/simple",
                "verify_ssl": true
            }
        ]
    },
    "default": {
        "asgiref": {
            "hashes": [
                "sha256:4ef1ab46b484e3c706329cedeff284a5d40824200638503f5768edb6de7d58e9",
                "sha256:ffc141aa908e6f175673e7b1b3b7af4fdb0ecb738fc5c8b88f69f055c2415214"
            ],
            "markers": "python_version >= '3.6'",
            "version": "==3.4.1"
        },
        "bidict": {
            "hashes": [
                "sha256:2cce0d01eb3db9b3fa85db501c00aaa3389ee4cab7ef82178604552dfa943a1b",
                "sha256:d50bd81fae75e34198ffc94979a0eb0939ff9adb3ef32bcc93a913d8b3e3ed1d"
            ],
            "markers": "python_version >= '3.6'",
            "version": "==0.21.3"
        },
        "certifi": {
            "hashes": [
                "sha256:2bbf76fd432960138b3ef6dda3dde0544f27cbf8546c458e60baf371917ba9ee",
                "sha256:50b1e4f8446b06f41be7dd6338db18e0990601dce795c2b1686458aa7e8fa7d8"
            ],
            "version": "==2021.5.30"
        },
        "charset-normalizer": {
            "hashes": [
                "sha256:0c8911edd15d19223366a194a513099a302055a962bca2cec0f54b8b63175d8b",
                "sha256:f23667ebe1084be45f6ae0538e4a5a865206544097e4e8bbcacf42cd02a348f3"
            ],
            "markers": "python_version >= '3'",
            "version": "==2.0.4"
        },
        "click": {
            "hashes": [
                "sha256:8c04c11192119b1ef78ea049e0a6f0463e4c48ef00a30160c704337586f3ad7a",
                "sha256:fba402a4a47334742d782209a7c79bc448911afe1149d07bdabdf480b3e2f4b6"
            ],
            "markers": "python_version >= '3.6'",
            "version": "==8.0.1"
        },
        "dnspython": {
            "hashes": [
                "sha256:95d12f6ef0317118d2a1a6fc49aac65ffec7eb8087474158f42f26a639135216",
                "sha256:e4a87f0b573201a0f3727fa18a516b055fd1107e0e5477cded4a2de497df1dd4"
            ],
            "markers": "python_version >= '3.6'",
            "version": "==2.1.0"
        },
        "docker": {
            "hashes": [
                "sha256:21ec4998e90dff7a7aaaa098ca8d839c7de412b89e6f6c30908372d58fecf663",
                "sha256:9b17f0723d83c1f3418d2aa17bf90b24dbe97deda06208dd4262fa30a6ee87eb"
            ],
            "index": "pypi",
            "version": "==5.0.2"
        },
        "eventlet": {
            "hashes": [
                "sha256:2f0bb8ed0dc0ab21d683975d5d8ab3c054d588ce61def9faf7a465ee363e839b",
                "sha256:a3a67b02f336e97a1894b277bc33b695831525758781eb024f4da00e75ce5e25"
            ],
            "index": "pypi",
            "version": "==0.32.0"
        },
        "greenlet": {
            "hashes": [
                "sha256:04e1849c88aa56584d4a0a6e36af5ec7cc37993fdc1fda72b56aa1394a92ded3",
                "sha256:05e72db813c28906cdc59bd0da7c325d9b82aa0b0543014059c34c8c4ad20e16",
                "sha256:07e6d88242e09b399682b39f8dfa1e7e6eca66b305de1ff74ed9eb1a7d8e539c",
                "sha256:090126004c8ab9cd0787e2acf63d79e80ab41a18f57d6448225bbfcba475034f",
                "sha256:1796f2c283faab2b71c67e9b9aefb3f201fdfbee5cb55001f5ffce9125f63a45",
                "sha256:2f89d74b4f423e756a018832cd7a0a571e0a31b9ca59323b77ce5f15a437629b",
                "sha256:34e6675167a238bede724ee60fe0550709e95adaff6a36bcc97006c365290384",
                "sha256:3e594015a2349ec6dcceda9aca29da8dc89e85b56825b7d1f138a3f6bb79dd4c",
                "sha256:3f8fc59bc5d64fa41f58b0029794f474223693fd00016b29f4e176b3ee2cfd9f",
                "sha256:3fc6a447735749d651d8919da49aab03c434a300e9f0af1c886d560405840fd1",
                "sha256:40abb7fec4f6294225d2b5464bb6d9552050ded14a7516588d6f010e7e366dcc",
                "sha256:44556302c0ab376e37939fd0058e1f0db2e769580d340fb03b01678d1ff25f68",
                "sha256:476ba9435afaead4382fbab8f1882f75e3fb2285c35c9285abb3dd30237f9142",
                "sha256:4870b018ca685ff573edd56b93f00a122f279640732bb52ce3a62b73ee5c4a92",
                "sha256:4adaf53ace289ced90797d92d767d37e7cdc29f13bd3830c3f0a561277a4ae83",
                "sha256:4eae94de9924bbb4d24960185363e614b1b62ff797c23dc3c8a7c75bbb8d187e",
                "sha256:5317701c7ce167205c0569c10abc4bd01c7f4cf93f642c39f2ce975fa9b78a3c",
                "sha256:5c3b735ccf8fc8048664ee415f8af5a3a018cc92010a0d7195395059b4b39b7d",
                "sha256:5cde7ee190196cbdc078511f4df0be367af85636b84d8be32230f4871b960687",
                "sha256:655ab836324a473d4cd8cf231a2d6f283ed71ed77037679da554e38e606a7117",
                "sha256:6ce9d0784c3c79f3e5c5c9c9517bbb6c7e8aa12372a5ea95197b8a99402aa0e6",
                "sha256:6e0696525500bc8aa12eae654095d2260db4dc95d5c35af2b486eae1bf914ccd",
                "sha256:75ff270fd05125dce3303e9216ccddc541a9e072d4fc764a9276d44dee87242b",
                "sha256:8039f5fe8030c43cd1732d9a234fdcbf4916fcc32e21745ca62e75023e4d4649",
                "sha256:84488516639c3c5e5c0e52f311fff94ebc45b56788c2a3bfe9cf8e75670f4de3",
                "sha256:84782c80a433d87530ae3f4b9ed58d4a57317d9918dfcc6a59115fa2d8731f2c",
                "sha256:8ddb38fb6ad96c2ef7468ff73ba5c6876b63b664eebb2c919c224261ae5e8378",
                "sha256:98b491976ed656be9445b79bc57ed21decf08a01aaaf5fdabf07c98c108111f6",
                "sha256:990e0f5e64bcbc6bdbd03774ecb72496224d13b664aa03afd1f9b171a3269272",
                "sha256:9b02e6039eafd75e029d8c58b7b1f3e450ca563ef1fe21c7e3e40b9936c8d03e",
                "sha256:a11b6199a0b9dc868990456a2667167d0ba096c5224f6258e452bfbe5a9742c5",
                "sha256:a414f8e14aa7bacfe1578f17c11d977e637d25383b6210587c29210af995ef04",
                "sha256:a91ee268f059583176c2c8b012a9fce7e49ca6b333a12bbc2dd01fc1a9783885",
                "sha256:ac991947ca6533ada4ce7095f0e28fe25d5b2f3266ad5b983ed4201e61596acf",
                "sha256:b050dbb96216db273b56f0e5960959c2b4cb679fe1e58a0c3906fa0a60c00662",
                "sha256:b97a807437b81f90f85022a9dcfd527deea38368a3979ccb49d93c9198b2c722",
                "sha256:bad269e442f1b7ffa3fa8820b3c3aa66f02a9f9455b5ba2db5a6f9eea96f56de",
                "sha256:bf3725d79b1ceb19e83fb1aed44095518c0fcff88fba06a76c0891cfd1f36837",
                "sha256:c0f22774cd8294078bdf7392ac73cf00bfa1e5e0ed644bd064fdabc5f2a2f481",
                "sha256:c1862f9f1031b1dee3ff00f1027fcd098ffc82120f43041fe67804b464bbd8a7",
                "sha256:c8d4ed48eed7414ccb2aaaecbc733ed2a84c299714eae3f0f48db085342d5629",
                "sha256:cf31e894dabb077a35bbe6963285d4515a387ff657bd25b0530c7168e48f167f",
                "sha256:d15cb6f8706678dc47fb4e4f8b339937b04eda48a0af1cca95f180db552e7663",
                "sha256:dfcb5a4056e161307d103bc013478892cfd919f1262c2bb8703220adcb986362",
                "sha256:e02780da03f84a671bb4205c5968c120f18df081236d7b5462b380fd4f0b497b",
                "sha256:e2002a59453858c7f3404690ae80f10c924a39f45f6095f18a985a1234c37334",
                "sha256:e22a82d2b416d9227a500c6860cf13e74060cf10e7daf6695cbf4e6a94e0eee4",
                "sha256:e41f72f225192d5d4df81dad2974a8943b0f2d664a2a5cfccdf5a01506f5523c",
                "sha256:f253dad38605486a4590f9368ecbace95865fea0f2b66615d121ac91fd1a1563",
                "sha256:fddfb31aa2ac550b938d952bca8a87f1db0f8dc930ffa14ce05b5c08d27e7fd1"
            ],
            "markers": "python_version >= '2.7' and python_version not in '3.0, 3.1, 3.2, 3.3, 3.4'",
            "version": "==1.1.1"
        },
        "h11": {
            "hashes": [
                "sha256:36a3cb8c0a032f56e2da7084577878a035d3b61d104230d4bd49c0c6b555a9c6",
                "sha256:47222cb6067e4a307d535814917cd98fd0a57b6788ce715755fa2b6c28b56042"
            ],
            "markers": "python_version >= '3.6'",
            "version": "==0.12.0"
        },
        "idna": {
            "hashes": [
                "sha256:14475042e284991034cb48e06f6851428fb14c4dc953acd9be9a5e95c7b6dd7a",
                "sha256:467fbad99067910785144ce333826c71fb0e63a425657295239737f7ecd125f3"
            ],
            "markers": "python_version >= '3'",
            "version": "==3.2"
        },
        "python-engineio": {
            "hashes": [
                "sha256:d510329b6d8ed5662547862f58bc73659ae62defa66b66d745ba021de112fa62",
                "sha256:f3ef9a2c048d08990f294c5f8991f6f162c3b12ecbd368baa0d90441de907d1c"
            ],
            "markers": "python_version >= '3.6'",
            "version": "==4.2.1"
        },
        "python-socketio": {
            "hashes": [
                "sha256:7ed57f6c024abdfeb9b25c74c0c00ffc18da47d903e8d72deecb87584370d1fc",
                "sha256:ca807c9e1f168e96dea412d64dd834fb47c470d27fd83da0504aa4b248ba2544"
            ],
            "index": "pypi",
            "version": "==5.4.0"
        },
        "requests": {
            "hashes": [
                "sha256:6c1246513ecd5ecd4528a0906f910e8f0f9c6b8ec72030dc9fd154dc1a6efd24",
                "sha256:b8aa58f8cf793ffd8782d3d8cb19e66ef36f7aba4353eec859e74678b01b07a7"
            ],
            "markers": "python_version >= '2.7' and python_version not in '3.0, 3.1, 3.2, 3.3, 3.4, 3.5'",
            "version": "==2.26.0"
        },
        "six": {
            "hashes": [
                "sha256:1e61c37477a1626458e36f7b1d82aa5c9b094fa4802892072e49de9c60c4c926",
                "sha256:8abb2f1d86890a2dfb989f9a77cfcfd3e47c2a354b01111771326f8aa26e0254"
            ],
            "markers": "python_version >= '2.7' and python_version not in '3.0, 3.1, 3.2, 3.3'",
            "version": "==1.16.0"
        },
        "urllib3": {
            "hashes": [
                "sha256:39fb8672126159acb139a7718dd10806104dec1e2f0f6c88aab05d17df10c8d4",
                "sha256:f57b4c16c62fa2760b7e3d97c35b255512fb6b59a259730f36ba32ce9f8e342f"
            ],
            "markers": "python_version >= '2.7' and python_version not in '3.0, 3.1, 3.2, 3.3, 3.4' and python_version < '4'",
            "version": "==1.26.6"
        },
        "uvicorn": {
            "hashes": [
                "sha256:17f898c64c71a2640514d4089da2689e5db1ce5d4086c2d53699bf99513421c1",
                "sha256:d9a3c0dd1ca86728d3e235182683b4cf94cd53a867c288eaeca80ee781b2caff"
            ],
            "index": "pypi",
            "version": "==0.15.0"
        },
        "websocket-client": {
            "hashes": [
                "sha256:0133d2f784858e59959ce82ddac316634229da55b498aac311f1620567a710ec",
                "sha256:8dfb715d8a992f5712fff8c843adae94e22b22a99b2c5e6b0ec4a1a981cc4e0d"
            ],
            "markers": "python_version >= '3.6'",
            "version": "==1.2.1"
        }
    },
    "develop": {
        "astroid": {
            "hashes": [
                "sha256:3b680ce0419b8a771aba6190139a3998d14b413852506d99aff8dc2bf65ee67c",
                "sha256:dc1e8b28427d6bbef6b8842b18765ab58f558c42bb80540bd7648c98412af25e"
            ],
            "markers": "python_version ~= '3.6'",
            "version": "==2.7.3"
        },
        "flake8": {
            "hashes": [
                "sha256:07528381786f2a6237b061f6e96610a4167b226cb926e2aa2b6b1d78057c576b",
                "sha256:bf8fd333346d844f616e8d47905ef3a3384edae6b4e9beb0c5101e25e3110907"
            ],
            "index": "pypi",
            "version": "==3.9.2"
        },
        "isort": {
            "hashes": [
                "sha256:9c2ea1e62d871267b78307fe511c0838ba0da28698c5732d54e2790bf3ba9899",
                "sha256:e17d6e2b81095c9db0a03a8025a957f334d6ea30b26f9ec70805411e5c7c81f2"
            ],
            "markers": "python_version < '4.0' and python_full_version >= '3.6.1'",
            "version": "==5.9.3"
        },
        "lazy-object-proxy": {
            "hashes": [
                "sha256:17e0967ba374fc24141738c69736da90e94419338fd4c7c7bef01ee26b339653",
                "sha256:1fee665d2638491f4d6e55bd483e15ef21f6c8c2095f235fef72601021e64f61",
                "sha256:22ddd618cefe54305df49e4c069fa65715be4ad0e78e8d252a33debf00f6ede2",
                "sha256:24a5045889cc2729033b3e604d496c2b6f588c754f7a62027ad4437a7ecc4837",
                "sha256:410283732af311b51b837894fa2f24f2c0039aa7f220135192b38fcc42bd43d3",
                "sha256:4732c765372bd78a2d6b2150a6e99d00a78ec963375f236979c0626b97ed8e43",
                "sha256:489000d368377571c6f982fba6497f2aa13c6d1facc40660963da62f5c379726",
                "sha256:4f60460e9f1eb632584c9685bccea152f4ac2130e299784dbaf9fae9f49891b3",
                "sha256:5743a5ab42ae40caa8421b320ebf3a998f89c85cdc8376d6b2e00bd12bd1b587",
                "sha256:85fb7608121fd5621cc4377a8961d0b32ccf84a7285b4f1d21988b2eae2868e8",
                "sha256:9698110e36e2df951c7c36b6729e96429c9c32b3331989ef19976592c5f3c77a",
                "sha256:9d397bf41caad3f489e10774667310d73cb9c4258e9aed94b9ec734b34b495fd",
                "sha256:b579f8acbf2bdd9ea200b1d5dea36abd93cabf56cf626ab9c744a432e15c815f",
                "sha256:b865b01a2e7f96db0c5d12cfea590f98d8c5ba64ad222300d93ce6ff9138bcad",
                "sha256:bf34e368e8dd976423396555078def5cfc3039ebc6fc06d1ae2c5a65eebbcde4",
                "sha256:c6938967f8528b3668622a9ed3b31d145fab161a32f5891ea7b84f6b790be05b",
                "sha256:d1c2676e3d840852a2de7c7d5d76407c772927addff8d742b9808fe0afccebdf",
                "sha256:d7124f52f3bd259f510651450e18e0fd081ed82f3c08541dffc7b94b883aa981",
                "sha256:d900d949b707778696fdf01036f58c9876a0d8bfe116e8d220cfd4b15f14e741",
                "sha256:ebfd274dcd5133e0afae738e6d9da4323c3eb021b3e13052d8cbd0e457b1256e",
                "sha256:ed361bb83436f117f9917d282a456f9e5009ea12fd6de8742d1a4752c3017e93",
                "sha256:f5144c75445ae3ca2057faac03fda5a902eff196702b0a24daf1d6ce0650514b"
            ],
            "markers": "python_version >= '2.7' and python_version not in '3.0, 3.1, 3.2, 3.3, 3.4, 3.5'",
            "version": "==1.6.0"
        },
        "mccabe": {
            "hashes": [
                "sha256:ab8a6258860da4b6677da4bd2fe5dc2c659cff31b3ee4f7f5d64e79735b80d42",
                "sha256:dd8d182285a0fe56bace7f45b5e7d1a6ebcbf524e8f3bd87eb0f125271b8831f"
            ],
            "version": "==0.6.1"
        },
        "platformdirs": {
            "hashes": [
                "sha256:15b056538719b1c94bdaccb29e5f81879c7f7f0f4a153f46086d155dffcd4f0f",
                "sha256:8003ac87717ae2c7ee1ea5a84a1a61e87f3fbd16eb5aadba194ea30a9019f648"
            ],
            "markers": "python_version >= '3.6'",
            "version": "==2.3.0"
        },
        "pycodestyle": {
            "hashes": [
                "sha256:514f76d918fcc0b55c6680472f0a37970994e07bbb80725808c17089be302068",
                "sha256:c389c1d06bf7904078ca03399a4816f974a1d590090fecea0c63ec26ebaf1cef"
            ],
            "markers": "python_version >= '2.7' and python_version not in '3.0, 3.1, 3.2, 3.3'",
            "version": "==2.7.0"
        },
        "pyflakes": {
            "hashes": [
                "sha256:7893783d01b8a89811dd72d7dfd4d84ff098e5eed95cfa8905b22bbffe52efc3",
                "sha256:f5bc8ecabc05bb9d291eb5203d6810b49040f6ff446a756326104746cc00c1db"
            ],
            "markers": "python_version >= '2.7' and python_version not in '3.0, 3.1, 3.2, 3.3'",
            "version": "==2.3.1"
        },
        "pylint": {
            "hashes": [
                "sha256:6758cce3ddbab60c52b57dcc07f0c5d779e5daf0cf50f6faacbef1d3ea62d2a1",
                "sha256:e178e96b6ba171f8ef51fbce9ca30931e6acbea4a155074d80cc081596c9e852"
            ],
            "index": "pypi",
            "version": "==2.10.2"
        },
        "toml": {
            "hashes": [
                "sha256:806143ae5bfb6a3c6e736a764057db0e6a0e05e338b5630894a5f779cabb4f9b",
                "sha256:b3bda1d108d5dd99f4a20d24d9c348e91c4db7ab1b749200bded2f839ccbe68f"
            ],
            "markers": "python_version >= '2.6' and python_version not in '3.0, 3.1, 3.2, 3.3'",
            "version": "==0.10.2"
        },
        "wrapt": {
            "hashes": [
                "sha256:b62ffa81fb85f4332a4f609cab4ac40709470da05643a082ec1eb88e6d9b97d7"
            ],
            "version": "==1.12.1"
        }
    }
}
